
Microsoft Visual Studio Solution File, Format Version 12.00
# Visual Studio Version 16
VisualStudioVersion = 16.0.30225.117
MinimumVisualStudioVersion = 10.0.40219.1
Project("{FAE04EC0-301F-11D3-BF4B-00C04F79EFBC}") = "GGShot", "GGShot.csproj", "{4F40E336-F398-4482-A244-2ADA0F4C2707}"
EndProject
Project("{C7167F0D-BC9F-4E6E-AFE1-012C56B48DB5}") = "GameShotsMsix", "GameShotsMsix\GameShotsMsix.wapproj", "{5E870932-199C-4858-8B93-AD1BCC5EEDCF}"
EndProject
Global
	GlobalSection(SolutionConfigurationPlatforms) = preSolution
		Debug|Any CPU = Debug|Any CPU
		Debug|ARM = Debug|ARM
		Debug|ARM64 = Debug|ARM64
		Debug|x64 = Debug|x64
		Debug|x86 = Debug|x86
		Release|Any CPU = Release|Any CPU
		Release|ARM = Release|ARM
		Release|ARM64 = Release|ARM64
		Release|x64 = Release|x64
		Release|x86 = Release|x86
	EndGlobalSection
	GlobalSection(ProjectConfigurationPlatforms) = postSolution
		{4F40E336-F398-4482-A244-2ADA0F4C2707}.Debug|Any CPU.ActiveCfg = Debug|Any CPU
		{4F40E336-F398-4482-A244-2ADA0F4C2707}.Debug|Any CPU.Build.0 = Debug|Any CPU
		{4F40E336-F398-4482-A244-2ADA0F4C2707}.Debug|ARM.ActiveCfg = Debug|Any CPU
		{4F40E336-F398-4482-A244-2ADA0F4C2707}.Debug|ARM.Build.0 = Debug|Any CPU
		{4F40E336-F398-4482-A244-2ADA0F4C2707}.Debug|ARM64.ActiveCfg = Debug|Any CPU
		{4F40E336-F398-4482-A244-2ADA0F4C2707}.Debug|ARM64.Build.0 = Debug|Any CPU
		{4F40E336-F398-4482-A244-2ADA0F4C2707}.Debug|x64.ActiveCfg = Debug|Any CPU
		{4F40E336-F398-4482-A244-2ADA0F4C2707}.Debug|x64.Build.0 = Debug|Any CPU
		{4F40E336-F398-4482-A244-2ADA0F4C2707}.Debug|x86.ActiveCfg = Debug|Any CPU
		{4F40E336-F398-4482-A244-2ADA0F4C2707}.Debug|x86.Build.0 = Debug|Any CPU
		{4F40E336-F398-4482-A244-2ADA0F4C2707}.Release|Any CPU.ActiveCfg = Release|Any CPU
		{4F40E336-F398-4482-A244-2ADA0F4C2707}.Release|Any CPU.Build.0 = Release|Any CPU
		{4F40E336-F398-4482-A244-2ADA0F4C2707}.Release|ARM.ActiveCfg = Release|Any CPU
		{4F40E336-F398-4482-A244-2ADA0F4C2707}.Release|ARM.Build.0 = Release|Any CPU
		{4F40E336-F398-4482-A244-2ADA0F4C2707}.Release|ARM64.ActiveCfg = Release|Any CPU
		{4F40E336-F398-4482-A244-2ADA0F4C2707}.Release|ARM64.Build.0 = Release|Any CPU
		{4F40E336-F398-4482-A244-2ADA0F4C2707}.Release|x64.ActiveCfg = Release|Any CPU
		{4F40E336-F398-4482-A244-2ADA0F4C2707}.Release|x64.Build.0 = Release|Any CPU
		{4F40E336-F398-4482-A244-2ADA0F4C2707}.Release|x86.ActiveCfg = Release|Any CPU
		{4F40E336-F398-4482-A244-2ADA0F4C2707}.Release|x86.Build.0 = Release|Any CPU
		{5E870932-199C-4858-8B93-AD1BCC5EEDCF}.Debug|Any CPU.ActiveCfg = Debug|Any CPU
		{5E870932-199C-4858-8B93-AD1BCC5EEDCF}.Debug|Any CPU.Build.0 = Debug|Any CPU
		{5E870932-199C-4858-8B93-AD1BCC5EEDCF}.Debug|Any CPU.Deploy.0 = Debug|Any CPU
		{5E870932-199C-4858-8B93-AD1BCC5EEDCF}.Debug|ARM.ActiveCfg = Debug|ARM
		{5E870932-199C-4858-8B93-AD1BCC5EEDCF}.Debug|ARM.Build.0 = Debug|ARM
		{5E870932-199C-4858-8B93-AD1BCC5EEDCF}.Debug|ARM.Deploy.0 = Debug|ARM
		{5E870932-199C-4858-8B93-AD1BCC5EEDCF}.Debug|ARM64.ActiveCfg = Debug|ARM64
		{5E870932-199C-4858-8B93-AD1BCC5EEDCF}.Debug|ARM64.Build.0 = Debug|ARM64
		{5E870932-199C-4858-8B93-AD1BCC5EEDCF}.Debug|ARM64.Deploy.0 = Debug|ARM64
		{5E870932-199C-4858-8B93-AD1BCC5EEDCF}.Debug|x64.ActiveCfg = Debug|x64
		{5E870932-199C-4858-8B93-AD1BCC5EEDCF}.Debug|x64.Build.0 = Debug|x64
		{5E870932-199C-4858-8B93-AD1BCC5EEDCF}.Debug|x64.Deploy.0 = Debug|x64
		{5E870932-199C-4858-8B93-AD1BCC5EEDCF}.Debug|x86.ActiveCfg = Debug|x86
		{5E870932-199C-4858-8B93-AD1BCC5EEDCF}.Debug|x86.Build.0 = Debug|x86
		{5E870932-199C-4858-8B93-AD1BCC5EEDCF}.Debug|x86.Deploy.0 = Debug|x86
		{5E870932-199C-4858-8B93-AD1BCC5EEDCF}.Release|Any CPU.ActiveCfg = Release|Any CPU
		{5E870932-199C-4858-8B93-AD1BCC5EEDCF}.Release|Any CPU.Build.0 = Release|Any CPU
		{5E870932-199C-4858-8B93-AD1BCC5EEDCF}.Release|Any CPU.Deploy.0 = Release|Any CPU
		{5E870932-199C-4858-8B93-AD1BCC5EEDCF}.Release|ARM.ActiveCfg = Release|ARM
		{5E870932-199C-4858-8B93-AD1BCC5EEDCF}.Release|ARM.Build.0 = Release|ARM
		{5E870932-199C-4858-8B93-AD1BCC5EEDCF}.Release|ARM.Deploy.0 = Release|ARM
		{5E870932-199C-4858-8B93-AD1BCC5EEDCF}.Release|ARM64.ActiveCfg = Release|ARM64
		{5E870932-199C-4858-8B93-AD1BCC5EEDCF}.Release|ARM64.Build.0 = Release|ARM64
		{5E870932-199C-4858-8B93-AD1BCC5EEDCF}.Release|ARM64.Deploy.0 = Release|ARM64
		{5E870932-199C-4858-8B93-AD1BCC5EEDCF}.Release|x64.ActiveCfg = Release|x64
		{5E870932-199C-4858-8B93-AD1BCC5EEDCF}.Release|x64.Build.0 = Release|x64
		{5E870932-199C-4858-8B93-AD1BCC5EEDCF}.Release|x64.Deploy.0 = Release|x64
		{5E870932-199C-4858-8B93-AD1BCC5EEDCF}.Release|x86.ActiveCfg = Release|x86
		{5E870932-199C-4858-8B93-AD1BCC5EEDCF}.Release|x86.Build.0 = Release|x86
		{5E870932-199C-4858-8B93-AD1BCC5EEDCF}.Release|x86.Deploy.0 = Release|x86
	EndGlobalSection
	GlobalSection(SolutionProperties) = preSolution
		HideSolutionNode = FALSE
	EndGlobalSection
	GlobalSection(ExtensibilityGlobals) = postSolution
		SolutionGuid = {0ECAF180-CB24-4466-96F5-33E2783781CB}
	EndGlobalSection
EndGlobal
